{
  "name": "flaregun",
  "version": "3.1.3",
  "lockfileVersion": 3,
  "requires": true,
  "packages": {
    "": {
      "name": "flaregun",
      "version": "3.1.3",
      "license": "MIT",
      "dependencies": {
        "api": "github:treeder/api",
        "models": "github:treeder/models",
        "nanoid": "^5.0.6"
      },
      "devDependencies": {
        "migrations": "github:treeder/migrations",
        "once": "github:treeder/once"
      }
    },
    "node_modules/api": {
      "version": "1.0.3",
      "resolved": "git+ssh://git@github.com/treeder/api.git#56b638c28e6d027a7d807f730ff3be6ad58e978c",
      "license": "MIT",
      "dependencies": {
        "models": "github:treeder/models"
      }
    },
    "node_modules/migrations": {
      "version": "1.0.3",
      "resolved": "git+ssh://git@github.com/treeder/migrations.git#dda5f1616a5344297c5ecd4f978f090f0486e5fd",
      "dev": true
    },
    "node_modules/models": {
      "version": "1.0.6",
      "resolved": "git+ssh://git@github.com/treeder/models.git#d58654560b5f093c6d171107e2f146a0ed598848",
      "license": "MIT"
    },
    "node_modules/nanoid": {
      "version": "5.1.5",
      "resolved": "https://registry.npmjs.org/nanoid/-/nanoid-5.1.5.tgz",
      "integrity": "sha512-Ir/+ZpE9fDsNH0hQ3C68uyThDXzYcim2EqcZ8zn8Chtt1iylPT9xXJB0kPCnqzgcEGikO9RxSrh63MsmVCU7Fw==",
      "funding": [
        {
          "type": "github",
          "url": "https://github.com/sponsors/ai"
        }
      ],
      "license": "MIT",
      "bin": {
        "nanoid": "bin/nanoid.js"
      },
      "engines": {
        "node": "^18 || >=20"
      }
    },
    "node_modules/once": {
      "version": "1.0.4",
      "resolved": "git+ssh://git@github.com/treeder/once.git#32da137fa00a9f976ec7f06baa9a0c071d10cd65",
      "dev": true,
      "license": "MIT"
    }
  }
}
