{
  "name": "flaregun-starter",
  "version": "1.0.0",
  "lockfileVersion": 3,
  "requires": true,
  "packages": {
    "": {
      "name": "flaregun-starter",
      "version": "1.0.0",
      "license": "ISC",
      "dependencies": {
        "console-logger": "github:treeder/console-logger",
        "flaregun": "github:treeder/flaregun",
        "migrations": "github:treeder/migrations",
        "nanoid": "^5.1.5",
        "rend": "github:treeder/rend"
      }
    },
    "node_modules/console-logger": {
      "version": "0.0.3",
      "resolved": "git+ssh://git@github.com/treeder/console-logger.git#20fab6a9aecd122e6aa2731c047665cf47ac800d",
      "license": "MIT"
    },
    "node_modules/flaregun": {
      "version": "0.0.44",
      "resolved": "git+ssh://git@github.com/treeder/flaregun.git#3f5528a010062019cec9e8477a92add0592d1708",
      "license": "MIT",
      "dependencies": {
        "nanoid": "^5.0.6"
      }
    },
    "node_modules/migrations": {
      "version": "0.0.17",
      "resolved": "git+ssh://git@github.com/treeder/migrations.git#120bbe7bddf2387b3143d810cba9ae9ff393e441"
    },
    "node_modules/nanoid": {
      "version": "5.1.5",
      "resolved": "https://registry.npmjs.org/nanoid/-/nanoid-5.1.5.tgz",
      "integrity": "sha512-Ir/+ZpE9fDsNH0hQ3C68uyThDXzYcim2EqcZ8zn8Chtt1iylPT9xXJB0kPCnqzgcEGikO9RxSrh63MsmVCU7Fw==",
      "funding": [
        {
          "type": "github",
          "url": "https://github.com/sponsors/ai"
        }
      ],
      "license": "MIT",
      "bin": {
        "nanoid": "bin/nanoid.js"
      },
      "engines": {
        "node": "^18 || >=20"
      }
    },
    "node_modules/rend": {
      "version": "1.0.4",
      "resolved": "git+ssh://git@github.com/treeder/rend.git#a3dad6b1df8f7cf1cc4d35b3f524c3940ca99a35",
      "license": "Apache 2.0"
    }
  }
}
